
Microsoft Visual Studio Solution File, Format Version 12.00
# Visual Studio 15
VisualStudioVersion = 15.0.26403.3
MinimumVisualStudioVersion = 10.0.40219.1
Project("{FAE04EC0-301F-11D3-BF4B-00C04F79EFBC}") = "AzureTest", "AzureTest\AzureTest.csproj", "{DCA30DE7-A8D9-42C3-A2F5-35A5DE908B8D}"
EndProject
Project("{E53339B2-1760-4266-BCC7-CA923CBCF16C}") = "docker-compose", "docker-compose.dcproj", "{3BC4B9DD-CFCC-402F-94FF-55C8FF20FCD2}"
EndProject
Global
	GlobalSection(SolutionConfigurationPlatforms) = preSolution
		Debug|Any CPU = Debug|Any CPU
		Release|Any CPU = Release|Any CPU
	EndGlobalSection
	GlobalSection(ProjectConfigurationPlatforms) = postSolution
		{DCA30DE7-A8D9-42C3-A2F5-35A5DE908B8D}.Debug|Any CPU.ActiveCfg = Debug|Any CPU
		{DCA30DE7-A8D9-42C3-A2F5-35A5DE908B8D}.Debug|Any CPU.Build.0 = Debug|Any CPU
		{DCA30DE7-A8D9-42C3-A2F5-35A5DE908B8D}.Release|Any CPU.ActiveCfg = Release|Any CPU
		{DCA30DE7-A8D9-42C3-A2F5-35A5DE908B8D}.Release|Any CPU.Build.0 = Release|Any CPU
		{3BC4B9DD-CFCC-402F-94FF-55C8FF20FCD2}.Debug|Any CPU.ActiveCfg = Debug|Any CPU
		{3BC4B9DD-CFCC-402F-94FF-55C8FF20FCD2}.Debug|Any CPU.Build.0 = Debug|Any CPU
		{3BC4B9DD-CFCC-402F-94FF-55C8FF20FCD2}.Release|Any CPU.ActiveCfg = Release|Any CPU
		{3BC4B9DD-CFCC-402F-94FF-55C8FF20FCD2}.Release|Any CPU.Build.0 = Release|Any CPU
	EndGlobalSection
	GlobalSection(SolutionProperties) = preSolution
		HideSolutionNode = FALSE
	EndGlobalSection
EndGlobal
